// !$*UTF8*$!
{
	archiveVersion = 1;
	classes = {
	};
	objectVersion = 48;
	objects = {

/* Begin PBXBuildFile section */
		3F4BFE0F20801D06005A9A45 /* AppDelegate.swift in Sources */ = {isa = PBXBuildFile; fileRef = 3F4BFE0E20801D06005A9A45 /* AppDelegate.swift */; };
		3F4BFE1120801D06005A9A45 /* ViewController.swift in Sources */ = {isa = PBXBuildFile; fileRef = 3F4BFE1020801D06005A9A45 /* ViewController.swift */; };
		3F4BFE1420801D06005A9A45 /* Main.storyboard in Resources */ = {isa = PBXBuildFile; fileRef = 3F4BFE1220801D06005A9A45 /* Main.storyboard */; };
		3F4BFE1720801D06005A9A45 /* IM_Mobile_Proj.xcdatamodeld in Sources */ = {isa = PBXBuildFile; fileRef = 3F4BFE1520801D06005A9A45 /* IM_Mobile_Proj.xcdatamodeld */; };
		3F4BFE1920801D06005A9A45 /* Assets.xcassets in Resources */ = {isa = PBXBuildFile; fileRef = 3F4BFE1820801D06005A9A45 /* Assets.xcassets */; };
		3F4BFE1C20801D06005A9A45 /* LaunchScreen.storyboard in Resources */ = {isa = PBXBuildFile; fileRef = 3F4BFE1A20801D06005A9A45 /* LaunchScreen.storyboard */; };
		3FB59C362092A1720042490C /* Auth.swift in Sources */ = {isa = PBXBuildFile; fileRef = 3FB59C332092A1720042490C /* Auth.swift */; };
		3FB59C372092A1720042490C /* Conversations.swift in Sources */ = {isa = PBXBuildFile; fileRef = 3FB59C342092A1720042490C /* Conversations.swift */; };
		3FB59C382092A1720042490C /* HttpRequestHelper.swift in Sources */ = {isa = PBXBuildFile; fileRef = 3FB59C352092A1720042490C /* HttpRequestHelper.swift */; };
		3FE7AD0B2097D37200CEFA58 /* colors.swift in Sources */ = {isa = PBXBuildFile; fileRef = 3FE7AD0A2097D37200CEFA58 /* colors.swift */; };
		3FE7AD0D2097DDA400CEFA58 /* NewUserViewController.swift in Sources */ = {isa = PBXBuildFile; fileRef = 3FE7AD0C2097DDA400CEFA58 /* NewUserViewController.swift */; };
		3FE7AD0F2097ED3500CEFA58 /* NewChatViewController.swift in Sources */ = {isa = PBXBuildFile; fileRef = 3FE7AD0E2097ED3500CEFA58 /* NewChatViewController.swift */; };
		3FDBCA682093DEE2002D3828 /* Podfile in Resources */ = {isa = PBXBuildFile; fileRef = 3FDBCA672093DEE1002D3828 /* Podfile */; };
		3FDBCA6A2093E18B002D3828 /* MessangerService.swift in Sources */ = {isa = PBXBuildFile; fileRef = 3FDBCA692093E18B002D3828 /* MessangerService.swift */; };
		3FF4E8D72092802B002D30D6 /* chatViewController.swift in Sources */ = {isa = PBXBuildFile; fileRef = 3FF4E8D62092802B002D30D6 /* chatViewController.swift */; };
		3FF4E8D920928698002D30D6 /* chatTableViewCell.swift in Sources */ = {isa = PBXBuildFile; fileRef = 3FF4E8D820928698002D30D6 /* chatTableViewCell.swift */; };
		3FF4E8DD20929163002D30D6 /* messageViewController.swift in Sources */ = {isa = PBXBuildFile; fileRef = 3FF4E8DC20929163002D30D6 /* messageViewController.swift */; };
		8281DB18B3CACA90D6BA9A1B /* Pods_IM_Mobile_Proj.framework in Frameworks */ = {isa = PBXBuildFile; fileRef = F4B618A55E3E90A3D724A1D9 /* Pods_IM_Mobile_Proj.framework */; };
/* End PBXBuildFile section */

/* Begin PBXFileReference section */
		3F4BFE0B20801D06005A9A45 /* IM-Mobile-Proj.app */ = {isa = PBXFileReference; explicitFileType = wrapper.application; includeInIndex = 0; path = "IM-Mobile-Proj.app"; sourceTree = BUILT_PRODUCTS_DIR; };
		3F4BFE0E20801D06005A9A45 /* AppDelegate.swift */ = {isa = PBXFileReference; lastKnownFileType = sourcecode.swift; path = AppDelegate.swift; sourceTree = "<group>"; };
		3F4BFE1020801D06005A9A45 /* ViewController.swift */ = {isa = PBXFileReference; lastKnownFileType = sourcecode.swift; path = ViewController.swift; sourceTree = "<group>"; };
		3F4BFE1320801D06005A9A45 /* Base */ = {isa = PBXFileReference; lastKnownFileType = file.storyboard; name = Base; path = Base.lproj/Main.storyboard; sourceTree = "<group>"; };
		3F4BFE1620801D06005A9A45 /* IM_Mobile_Proj.xcdatamodel */ = {isa = PBXFileReference; lastKnownFileType = wrapper.xcdatamodel; path = IM_Mobile_Proj.xcdatamodel; sourceTree = "<group>"; };
		3F4BFE1820801D06005A9A45 /* Assets.xcassets */ = {isa = PBXFileReference; lastKnownFileType = folder.assetcatalog; path = Assets.xcassets; sourceTree = "<group>"; };
		3F4BFE1B20801D06005A9A45 /* Base */ = {isa = PBXFileReference; lastKnownFileType = file.storyboard; name = Base; path = Base.lproj/LaunchScreen.storyboard; sourceTree = "<group>"; };
		3F4BFE1D20801D06005A9A45 /* Info.plist */ = {isa = PBXFileReference; lastKnownFileType = text.plist.xml; path = Info.plist; sourceTree = "<group>"; };
		3FB59C332092A1720042490C /* Auth.swift */ = {isa = PBXFileReference; fileEncoding = 4; lastKnownFileType = sourcecode.swift; path = Auth.swift; sourceTree = "<group>"; };
		3FB59C342092A1720042490C /* Conversations.swift */ = {isa = PBXFileReference; fileEncoding = 4; lastKnownFileType = sourcecode.swift; path = Conversations.swift; sourceTree = "<group>"; };
		3FB59C352092A1720042490C /* HttpRequestHelper.swift */ = {isa = PBXFileReference; fileEncoding = 4; lastKnownFileType = sourcecode.swift; path = HttpRequestHelper.swift; sourceTree = "<group>"; };
		3FE7AD0A2097D37200CEFA58 /* colors.swift */ = {isa = PBXFileReference; fileEncoding = 4; lastKnownFileType = sourcecode.swift; path = colors.swift; sourceTree = "<group>"; };
		3FE7AD0C2097DDA400CEFA58 /* NewUserViewController.swift */ = {isa = PBXFileReference; lastKnownFileType = sourcecode.swift; path = NewUserViewController.swift; sourceTree = "<group>"; };
		3FE7AD0E2097ED3500CEFA58 /* NewChatViewController.swift */ = {isa = PBXFileReference; lastKnownFileType = sourcecode.swift; path = NewChatViewController.swift; sourceTree = "<group>"; };
		3FDBCA672093DEE1002D3828 /* Podfile */ = {isa = PBXFileReference; fileEncoding = 4; lastKnownFileType = text; path = Podfile; sourceTree = "<group>"; };
		3FDBCA692093E18B002D3828 /* MessangerService.swift */ = {isa = PBXFileReference; lastKnownFileType = sourcecode.swift; path = MessangerService.swift; sourceTree = "<group>"; };
		3FF4E8D62092802B002D30D6 /* chatViewController.swift */ = {isa = PBXFileReference; lastKnownFileType = sourcecode.swift; path = chatViewController.swift; sourceTree = "<group>"; };
		3FF4E8D820928698002D30D6 /* chatTableViewCell.swift */ = {isa = PBXFileReference; lastKnownFileType = sourcecode.swift; path = chatTableViewCell.swift; sourceTree = "<group>"; };
		3FF4E8DC20929163002D30D6 /* messageViewController.swift */ = {isa = PBXFileReference; lastKnownFileType = sourcecode.swift; path = messageViewController.swift; sourceTree = "<group>"; };
		50CC14D9B0A53E2C73D48ECB /* Pods-IM-Mobile-Proj.release.xcconfig */ = {isa = PBXFileReference; includeInIndex = 1; lastKnownFileType = text.xcconfig; name = "Pods-IM-Mobile-Proj.release.xcconfig"; path = "Pods/Target Support Files/Pods-IM-Mobile-Proj/Pods-IM-Mobile-Proj.release.xcconfig"; sourceTree = "<group>"; };
		56B06CB58D12E4C3F7F923A7 /* Pods-IM-Mobile-Proj.debug.xcconfig */ = {isa = PBXFileReference; includeInIndex = 1; lastKnownFileType = text.xcconfig; name = "Pods-IM-Mobile-Proj.debug.xcconfig"; path = "Pods/Target Support Files/Pods-IM-Mobile-Proj/Pods-IM-Mobile-Proj.debug.xcconfig"; sourceTree = "<group>"; };
		F4B618A55E3E90A3D724A1D9 /* Pods_IM_Mobile_Proj.framework */ = {isa = PBXFileReference; explicitFileType = wrapper.framework; includeInIndex = 0; path = Pods_IM_Mobile_Proj.framework; sourceTree = BUILT_PRODUCTS_DIR; };
/* End PBXFileReference section */

/* Begin PBXFrameworksBuildPhase section */
		3F4BFE0820801D06005A9A45 /* Frameworks */ = {
			isa = PBXFrameworksBuildPhase;
			buildActionMask = 2147483647;
			files = (
				8281DB18B3CACA90D6BA9A1B /* Pods_IM_Mobile_Proj.framework in Frameworks */,
			);
			runOnlyForDeploymentPostprocessing = 0;
		};
/* End PBXFrameworksBuildPhase section */

/* Begin PBXGroup section */
		3D847FBFBB47D846EF9F3B8E /* Frameworks */ = {
			isa = PBXGroup;
			children = (
				F4B618A55E3E90A3D724A1D9 /* Pods_IM_Mobile_Proj.framework */,
			);
			name = Frameworks;
			sourceTree = "<group>";
		};
		3F4BFE0220801D06005A9A45 = {
			isa = PBXGroup;
			children = (
				3F4BFE0D20801D06005A9A45 /* IM-Mobile-Proj */,
				3F4BFE0C20801D06005A9A45 /* Products */,
				3FDBCA672093DEE1002D3828 /* Podfile */,
				A59FFD563DBC074CEC8E171D /* Pods */,
				3D847FBFBB47D846EF9F3B8E /* Frameworks */,
			);
			sourceTree = "<group>";
		};
		3F4BFE0C20801D06005A9A45 /* Products */ = {
			isa = PBXGroup;
			children = (
				3F4BFE0B20801D06005A9A45 /* IM-Mobile-Proj.app */,
			);
			name = Products;
			sourceTree = "<group>";
		};
		3F4BFE0D20801D06005A9A45 /* IM-Mobile-Proj */ = {
			isa = PBXGroup;
			children = (
				3FB59C322092A1720042490C /* net */,
				3FF4E8DC20929163002D30D6 /* messageViewController.swift */,
				3F4BFE0E20801D06005A9A45 /* AppDelegate.swift */,
				3F4BFE1020801D06005A9A45 /* ViewController.swift */,
				3FE7AD0C2097DDA400CEFA58 /* NewUserViewController.swift */,
				3F4BFE1220801D06005A9A45 /* Main.storyboard */,
				3FE7AD0E2097ED3500CEFA58 /* NewChatViewController.swift */,
				3FF4E8D820928698002D30D6 /* chatTableViewCell.swift */,
				3FF4E8D62092802B002D30D6 /* chatViewController.swift */,
				3F4BFE1820801D06005A9A45 /* Assets.xcassets */,
				3F4BFE1A20801D06005A9A45 /* LaunchScreen.storyboard */,
				3F4BFE1D20801D06005A9A45 /* Info.plist */,
				3F4BFE1520801D06005A9A45 /* IM_Mobile_Proj.xcdatamodeld */,
				3FE7AD0A2097D37200CEFA58 /* colors.swift */,
			);
			path = "IM-Mobile-Proj";
			sourceTree = "<group>";
		};
		3FB59C322092A1720042490C /* net */ = {
			isa = PBXGroup;
			children = (
				3FB59C332092A1720042490C /* Auth.swift */,
				3FB59C342092A1720042490C /* Conversations.swift */,
				3FDBCA692093E18B002D3828 /* MessangerService.swift */,
				3FB59C352092A1720042490C /* HttpRequestHelper.swift */,
			);
			path = net;
			sourceTree = "<group>";
		};
		A59FFD563DBC074CEC8E171D /* Pods */ = {
			isa = PBXGroup;
			children = (
				56B06CB58D12E4C3F7F923A7 /* Pods-IM-Mobile-Proj.debug.xcconfig */,
				50CC14D9B0A53E2C73D48ECB /* Pods-IM-Mobile-Proj.release.xcconfig */,
			);
			name = Pods;
			sourceTree = "<group>";
		};
/* End PBXGroup section */

/* Begin PBXNativeTarget section */
		3F4BFE0A20801D06005A9A45 /* IM-Mobile-Proj */ = {
			isa = PBXNativeTarget;
			buildConfigurationList = 3F4BFE2020801D06005A9A45 /* Build configuration list for PBXNativeTarget "IM-Mobile-Proj" */;
			buildPhases = (
				F75C3724A6873DEFAD40C595 /* [CP] Check Pods Manifest.lock */,
				3F4BFE0720801D06005A9A45 /* Sources */,
				3F4BFE0820801D06005A9A45 /* Frameworks */,
				3F4BFE0920801D06005A9A45 /* Resources */,
				E82A424D1E57A5041EA725FD /* [CP] Embed Pods Frameworks */,
			);
			buildRules = (
			);
			dependencies = (
			);
			name = "IM-Mobile-Proj";
			productName = "IM-Mobile-Proj";
			productReference = 3F4BFE0B20801D06005A9A45 /* IM-Mobile-Proj.app */;
			productType = "com.apple.product-type.application";
		};
/* End PBXNativeTarget section */

/* Begin PBXProject section */
		3F4BFE0320801D06005A9A45 /* Project object */ = {
			isa = PBXProject;
			attributes = {
				LastSwiftUpdateCheck = 0920;
				LastUpgradeCheck = 0920;
				ORGANIZATIONNAME = "cs@eku.edu";
				TargetAttributes = {
					3F4BFE0A20801D06005A9A45 = {
						CreatedOnToolsVersion = 9.2;
						ProvisioningStyle = Automatic;
					};
				};
			};
			buildConfigurationList = 3F4BFE0620801D06005A9A45 /* Build configuration list for PBXProject "IM-Mobile-Proj" */;
			compatibilityVersion = "Xcode 8.0";
			developmentRegion = en;
			hasScannedForEncodings = 0;
			knownRegions = (
				en,
				Base,
			);
			mainGroup = 3F4BFE0220801D06005A9A45;
			productRefGroup = 3F4BFE0C20801D06005A9A45 /* Products */;
			projectDirPath = "";
			projectRoot = "";
			targets = (
				3F4BFE0A20801D06005A9A45 /* IM-Mobile-Proj */,
			);
		};
/* End PBXProject section */

/* Begin PBXResourcesBuildPhase section */
		3F4BFE0920801D06005A9A45 /* Resources */ = {
			isa = PBXResourcesBuildPhase;
			buildActionMask = 2147483647;
			files = (
				3F4BFE1C20801D06005A9A45 /* LaunchScreen.storyboard in Resources */,
				3F4BFE1920801D06005A9A45 /* Assets.xcassets in Resources */,
				3FDBCA682093DEE2002D3828 /* Podfile in Resources */,
				3F4BFE1420801D06005A9A45 /* Main.storyboard in Resources */,
			);
			runOnlyForDeploymentPostprocessing = 0;
		};
/* End PBXResourcesBuildPhase section */

/* Begin PBXShellScriptBuildPhase section */
		E82A424D1E57A5041EA725FD /* [CP] Embed Pods Frameworks */ = {
			isa = PBXShellScriptBuildPhase;
			buildActionMask = 2147483647;
			files = (
			);
			inputPaths = (
				"${SRCROOT}/Pods/Target Support Files/Pods-IM-Mobile-Proj/Pods-IM-Mobile-Proj-frameworks.sh",
				"${BUILT_PRODUCTS_DIR}/Socket.IO-Client-Swift/SocketIO.framework",
				"${BUILT_PRODUCTS_DIR}/Starscream/Starscream.framework",
			);
			name = "[CP] Embed Pods Frameworks";
			outputPaths = (
				"${TARGET_BUILD_DIR}/${FRAMEWORKS_FOLDER_PATH}/SocketIO.framework",
				"${TARGET_BUILD_DIR}/${FRAMEWORKS_FOLDER_PATH}/Starscream.framework",
			);
			runOnlyForDeploymentPostprocessing = 0;
			shellPath = /bin/sh;
			shellScript = "\"${SRCROOT}/Pods/Target Support Files/Pods-IM-Mobile-Proj/Pods-IM-Mobile-Proj-frameworks.sh\"\n";
			showEnvVarsInLog = 0;
		};
		F75C3724A6873DEFAD40C595 /* [CP] Check Pods Manifest.lock */ = {
			isa = PBXShellScriptBuildPhase;
			buildActionMask = 2147483647;
			files = (
			);
			inputPaths = (
				"${PODS_PODFILE_DIR_PATH}/Podfile.lock",
				"${PODS_ROOT}/Manifest.lock",
			);
			name = "[CP] Check Pods Manifest.lock";
			outputPaths = (
				"$(DERIVED_FILE_DIR)/Pods-IM-Mobile-Proj-checkManifestLockResult.txt",
			);
			runOnlyForDeploymentPostprocessing = 0;
			shellPath = /bin/sh;
			shellScript = "diff \"${PODS_PODFILE_DIR_PATH}/Podfile.lock\" \"${PODS_ROOT}/Manifest.lock\" > /dev/null\nif [ $? != 0 ] ; then\n    # print error to STDERR\n    echo \"error: The sandbox is not in sync with the Podfile.lock. Run 'pod install' or update your CocoaPods installation.\" >&2\n    exit 1\nfi\n# This output is used by Xcode 'outputs' to avoid re-running this script phase.\necho \"SUCCESS\" > \"${SCRIPT_OUTPUT_FILE_0}\"\n";
			showEnvVarsInLog = 0;
		};
/* End PBXShellScriptBuildPhase section */

/* Begin PBXSourcesBuildPhase section */
		3F4BFE0720801D06005A9A45 /* Sources */ = {
			isa = PBXSourcesBuildPhase;
			buildActionMask = 2147483647;
			files = (
				3FF4E8D920928698002D30D6 /* chatTableViewCell.swift in Sources */,
				3FE7AD0B2097D37200CEFA58 /* colors.swift in Sources */,
				3FB59C382092A1720042490C /* HttpRequestHelper.swift in Sources */,
				3F4BFE1120801D06005A9A45 /* ViewController.swift in Sources */,
				3F4BFE0F20801D06005A9A45 /* AppDelegate.swift in Sources */,
				3FF4E8D72092802B002D30D6 /* chatViewController.swift in Sources */,
				3FDBCA6A2093E18B002D3828 /* MessangerService.swift in Sources */,
				3FB59C372092A1720042490C /* Conversations.swift in Sources */,
				3FE7AD0F2097ED3500CEFA58 /* NewChatViewController.swift in Sources */,
				3FB59C362092A1720042490C /* Auth.swift in Sources */,
				3FE7AD0D2097DDA400CEFA58 /* NewUserViewController.swift in Sources */,
				3FF4E8DD20929163002D30D6 /* messageViewController.swift in Sources */,
				3F4BFE1720801D06005A9A45 /* IM_Mobile_Proj.xcdatamodeld in Sources */,
			);
			runOnlyForDeploymentPostprocessing = 0;
		};
/* End PBXSourcesBuildPhase section */

/* Begin PBXVariantGroup section */
		3F4BFE1220801D06005A9A45 /* Main.storyboard */ = {
			isa = PBXVariantGroup;
			children = (
				3F4BFE1320801D06005A9A45 /* Base */,
			);
			name = Main.storyboard;
			sourceTree = "<group>";
		};
		3F4BFE1A20801D06005A9A45 /* LaunchScreen.storyboard */ = {
			isa = PBXVariantGroup;
			children = (
				3F4BFE1B20801D06005A9A45 /* Base */,
			);
			name = LaunchScreen.storyboard;
			sourceTree = "<group>";
		};
/* End PBXVariantGroup section */

/* Begin XCBuildConfiguration section */
		3F4BFE1E20801D06005A9A45 /* Debug */ = {
			isa = XCBuildConfiguration;
			buildSettings = {
				ALWAYS_SEARCH_USER_PATHS = NO;
				CLANG_ANALYZER_NONNULL = YES;
				CLANG_ANALYZER_NUMBER_OBJECT_CONVERSION = YES_AGGRESSIVE;
				CLANG_CXX_LANGUAGE_STANDARD = "gnu++14";
				CLANG_CXX_LIBRARY = "libc++";
				CLANG_ENABLE_MODULES = YES;
				CLANG_ENABLE_OBJC_ARC = YES;
				CLANG_WARN_BLOCK_CAPTURE_AUTORELEASING = YES;
				CLANG_WARN_BOOL_CONVERSION = YES;
				CLANG_WARN_COMMA = YES;
				CLANG_WARN_CONSTANT_CONVERSION = YES;
				CLANG_WARN_DIRECT_OBJC_ISA_USAGE = YES_ERROR;
				CLANG_WARN_DOCUMENTATION_COMMENTS = YES;
				CLANG_WARN_EMPTY_BODY = YES;
				CLANG_WARN_ENUM_CONVERSION = YES;
				CLANG_WARN_INFINITE_RECURSION = YES;
				CLANG_WARN_INT_CONVERSION = YES;
				CLANG_WARN_NON_LITERAL_NULL_CONVERSION = YES;
				CLANG_WARN_OBJC_LITERAL_CONVERSION = YES;
				CLANG_WARN_OBJC_ROOT_CLASS = YES_ERROR;
				CLANG_WARN_RANGE_LOOP_ANALYSIS = YES;
				CLANG_WARN_STRICT_PROTOTYPES = YES;
				CLANG_WARN_SUSPICIOUS_MOVE = YES;
				CLANG_WARN_UNGUARDED_AVAILABILITY = YES_AGGRESSIVE;
				CLANG_WARN_UNREACHABLE_CODE = YES;
				CLANG_WARN__DUPLICATE_METHOD_MATCH = YES;
				CODE_SIGN_IDENTITY = "iPhone Developer";
				COPY_PHASE_STRIP = NO;
				DEBUG_INFORMATION_FORMAT = dwarf;
				ENABLE_STRICT_OBJC_MSGSEND = YES;
				ENABLE_TESTABILITY = YES;
				GCC_C_LANGUAGE_STANDARD = gnu11;
				GCC_DYNAMIC_NO_PIC = NO;
				GCC_NO_COMMON_BLOCKS = YES;
				GCC_OPTIMIZATION_LEVEL = 0;
				GCC_PREPROCESSOR_DEFINITIONS = (
					"DEBUG=1",
					"$(inherited)",
				);
				GCC_WARN_64_TO_32_BIT_CONVERSION = YES;
				GCC_WARN_ABOUT_RETURN_TYPE = YES_ERROR;
				GCC_WARN_UNDECLARED_SELECTOR = YES;
				GCC_WARN_UNINITIALIZED_AUTOS = YES_AGGRESSIVE;
				GCC_WARN_UNUSED_FUNCTION = YES;
				GCC_WARN_UNUSED_VARIABLE = YES;
				IPHONEOS_DEPLOYMENT_TARGET = 11.2;
				MTL_ENABLE_DEBUG_INFO = YES;
				ONLY_ACTIVE_ARCH = YES;
				SDKROOT = iphoneos;
				SWIFT_ACTIVE_COMPILATION_CONDITIONS = DEBUG;
				SWIFT_OPTIMIZATION_LEVEL = "-Onone";
			};
			name = Debug;
		};
		3F4BFE1F20801D06005A9A45 /* Release */ = {
			isa = XCBuildConfiguration;
			buildSettings = {
				ALWAYS_SEARCH_USER_PATHS = NO;
				CLANG_ANALYZER_NONNULL = YES;
				CLANG_ANALYZER_NUMBER_OBJECT_CONVERSION = YES_AGGRESSIVE;
				CLANG_CXX_LANGUAGE_STANDARD = "gnu++14";
				CLANG_CXX_LIBRARY = "libc++";
				CLANG_ENABLE_MODULES = YES;
				CLANG_ENABLE_OBJC_ARC = YES;
				CLANG_WARN_BLOCK_CAPTURE_AUTORELEASING = YES;
				CLANG_WARN_BOOL_CONVERSION = YES;
				CLANG_WARN_COMMA = YES;
				CLANG_WARN_CONSTANT_CONVERSION = YES;
				CLANG_WARN_DIRECT_OBJC_ISA_USAGE = YES_ERROR;
				CLANG_WARN_DOCUMENTATION_COMMENTS = YES;
				CLANG_WARN_EMPTY_BODY = YES;
				CLANG_WARN_ENUM_CONVERSION = YES;
				CLANG_WARN_INFINITE_RECURSION = YES;
				CLANG_WARN_INT_CONVERSION = YES;
				CLANG_WARN_NON_LITERAL_NULL_CONVERSION = YES;
				CLANG_WARN_OBJC_LITERAL_CONVERSION = YES;
				CLANG_WARN_OBJC_ROOT_CLASS = YES_ERROR;
				CLANG_WARN_RANGE_LOOP_ANALYSIS = YES;
				CLANG_WARN_STRICT_PROTOTYPES = YES;
				CLANG_WARN_SUSPICIOUS_MOVE = YES;
				CLANG_WARN_UNGUARDED_AVAILABILITY = YES_AGGRESSIVE;
				CLANG_WARN_UNREACHABLE_CODE = YES;
				CLANG_WARN__DUPLICATE_METHOD_MATCH = YES;
				CODE_SIGN_IDENTITY = "iPhone Developer";
				COPY_PHASE_STRIP = NO;
				DEBUG_INFORMATION_FORMAT = "dwarf-with-dsym";
				ENABLE_NS_ASSERTIONS = NO;
				ENABLE_STRICT_OBJC_MSGSEND = YES;
				GCC_C_LANGUAGE_STANDARD = gnu11;
				GCC_NO_COMMON_BLOCKS = YES;
				GCC_WARN_64_TO_32_BIT_CONVERSION = YES;
				GCC_WARN_ABOUT_RETURN_TYPE = YES_ERROR;
				GCC_WARN_UNDECLARED_SELECTOR = YES;
				GCC_WARN_UNINITIALIZED_AUTOS = YES_AGGRESSIVE;
				GCC_WARN_UNUSED_FUNCTION = YES;
				GCC_WARN_UNUSED_VARIABLE = YES;
				IPHONEOS_DEPLOYMENT_TARGET = 11.2;
				MTL_ENABLE_DEBUG_INFO = NO;
				SDKROOT = iphoneos;
				SWIFT_OPTIMIZATION_LEVEL = "-Owholemodule";
				VALIDATE_PRODUCT = YES;
			};
			name = Release;
		};
		3F4BFE2120801D06005A9A45 /* Debug */ = {
			isa = XCBuildConfiguration;
			baseConfigurationReference = 56B06CB58D12E4C3F7F923A7 /* Pods-IM-Mobile-Proj.debug.xcconfig */;
			buildSettings = {
				ASSETCATALOG_COMPILER_APPICON_NAME = AppIcon;
				CODE_SIGN_STYLE = Automatic;
				INFOPLIST_FILE = "IM-Mobile-Proj/Info.plist";
				LD_RUNPATH_SEARCH_PATHS = "$(inherited) @executable_path/Frameworks";
				PRODUCT_BUNDLE_IDENTIFIER = "edu.eku.CSC308Spring2018.IM-Mobile-Proj";
				PRODUCT_NAME = "$(TARGET_NAME)";
				SWIFT_VERSION = 4.0;
				TARGETED_DEVICE_FAMILY = "1,2";
			};
			name = Debug;
		};
		3F4BFE2220801D06005A9A45 /* Release */ = {
			isa = XCBuildConfiguration;
			baseConfigurationReference = 50CC14D9B0A53E2C73D48ECB /* Pods-IM-Mobile-Proj.release.xcconfig */;
			buildSettings = {
				ASSETCATALOG_COMPILER_APPICON_NAME = AppIcon;
				CODE_SIGN_STYLE = Automatic;
				INFOPLIST_FILE = "IM-Mobile-Proj/Info.plist";
				LD_RUNPATH_SEARCH_PATHS = "$(inherited) @executable_path/Frameworks";
				PRODUCT_BUNDLE_IDENTIFIER = "edu.eku.CSC308Spring2018.IM-Mobile-Proj";
				PRODUCT_NAME = "$(TARGET_NAME)";
				SWIFT_VERSION = 4.0;
				TARGETED_DEVICE_FAMILY = "1,2";
			};
			name = Release;
		};
/* End XCBuildConfiguration section */

/* Begin XCConfigurationList section */
		3F4BFE0620801D06005A9A45 /* Build configuration list for PBXProject "IM-Mobile-Proj" */ = {
			isa = XCConfigurationList;
			buildConfigurations = (
				3F4BFE1E20801D06005A9A45 /* Debug */,
				3F4BFE1F20801D06005A9A45 /* Release */,
			);
			defaultConfigurationIsVisible = 0;
			defaultConfigurationName = Release;
		};
		3F4BFE2020801D06005A9A45 /* Build configuration list for PBXNativeTarget "IM-Mobile-Proj" */ = {
			isa = XCConfigurationList;
			buildConfigurations = (
				3F4BFE2120801D06005A9A45 /* Debug */,
				3F4BFE2220801D06005A9A45 /* Release */,
			);
			defaultConfigurationIsVisible = 0;
			defaultConfigurationName = Release;
		};
/* End XCConfigurationList section */

/* Begin XCVersionGroup section */
		3F4BFE1520801D06005A9A45 /* IM_Mobile_Proj.xcdatamodeld */ = {
			isa = XCVersionGroup;
			children = (
				3F4BFE1620801D06005A9A45 /* IM_Mobile_Proj.xcdatamodel */,
			);
			currentVersion = 3F4BFE1620801D06005A9A45 /* IM_Mobile_Proj.xcdatamodel */;
			path = IM_Mobile_Proj.xcdatamodeld;
			sourceTree = "<group>";
			versionGroupType = wrapper.xcdatamodel;
		};
/* End XCVersionGroup section */
	};
	rootObject = 3F4BFE0320801D06005A9A45 /* Project object */;
}
